
Microsoft Visual Studio Solution File, Format Version 12.00
# Visual Studio 15
VisualStudioVersion = 15.0.26430.15
MinimumVisualStudioVersion = 10.0.40219.1
Project("{FAE04EC0-301F-11D3-BF4B-00C04F79EFBC}") = "SquareRoot", "SquareRoot\SquareRoot.csproj", "{1401BDEC-56A4-47A4-B9D5-1A1F3B5111F5}"
EndProject
Project("{FAE04EC0-301F-11D3-BF4B-00C04F79EFBC}") = "EnterNumbers", "EnterNumbers\EnterNumbers.csproj", "{FDC540B3-9E2F-4576-98ED-FAA889E9DAA8}"
EndProject
Project("{FAE04EC0-301F-11D3-BF4B-00C04F79EFBC}") = "Pr", "Pr\Pr.csproj", "{24182C33-1EFB-4347-BFE5-4595DAE0235E}"
EndProject
Global
	GlobalSection(SolutionConfigurationPlatforms) = preSolution
		Debug|Any CPU = Debug|Any CPU
		Release|Any CPU = Release|Any CPU
	EndGlobalSection
	GlobalSection(ProjectConfigurationPlatforms) = postSolution
		{1401BDEC-56A4-47A4-B9D5-1A1F3B5111F5}.Debug|Any CPU.ActiveCfg = Debug|Any CPU
		{1401BDEC-56A4-47A4-B9D5-1A1F3B5111F5}.Debug|Any CPU.Build.0 = Debug|Any CPU
		{1401BDEC-56A4-47A4-B9D5-1A1F3B5111F5}.Release|Any CPU.ActiveCfg = Release|Any CPU
		{1401BDEC-56A4-47A4-B9D5-1A1F3B5111F5}.Release|Any CPU.Build.0 = Release|Any CPU
		{FDC540B3-9E2F-4576-98ED-FAA889E9DAA8}.Debug|Any CPU.ActiveCfg = Debug|Any CPU
		{FDC540B3-9E2F-4576-98ED-FAA889E9DAA8}.Debug|Any CPU.Build.0 = Debug|Any CPU
		{FDC540B3-9E2F-4576-98ED-FAA889E9DAA8}.Release|Any CPU.ActiveCfg = Release|Any CPU
		{FDC540B3-9E2F-4576-98ED-FAA889E9DAA8}.Release|Any CPU.Build.0 = Release|Any CPU
		{24182C33-1EFB-4347-BFE5-4595DAE0235E}.Debug|Any CPU.ActiveCfg = Debug|Any CPU
		{24182C33-1EFB-4347-BFE5-4595DAE0235E}.Debug|Any CPU.Build.0 = Debug|Any CPU
		{24182C33-1EFB-4347-BFE5-4595DAE0235E}.Release|Any CPU.ActiveCfg = Release|Any CPU
		{24182C33-1EFB-4347-BFE5-4595DAE0235E}.Release|Any CPU.Build.0 = Release|Any CPU
	EndGlobalSection
	GlobalSection(SolutionProperties) = preSolution
		HideSolutionNode = FALSE
	EndGlobalSection
EndGlobal
