
Microsoft Visual Studio Solution File, Format Version 12.00
# Visual Studio 15
VisualStudioVersion = 15.0.26430.15
MinimumVisualStudioVersion = 10.0.40219.1
Project("{FAE04EC0-301F-11D3-BF4B-00C04F79EFBC}") = "GetLargestNumber", "GetLargestNumber\GetLargestNumber.csproj", "{3868C591-87E6-4D27-B421-0D1B22F1350E}"
EndProject
Project("{FAE04EC0-301F-11D3-BF4B-00C04F79EFBC}") = "EnglishDigit", "EnglishDigit\EnglishDigit.csproj", "{457FCD6F-D5E9-4FE9-AE4D-A35F7C891512}"
EndProject
Project("{FAE04EC0-301F-11D3-BF4B-00C04F79EFBC}") = "AppearanceCount", "AppearanceCount\AppearanceCount.csproj", "{4E631518-3C2E-4579-8A6A-3C3379497B85}"
EndProject
Project("{FAE04EC0-301F-11D3-BF4B-00C04F79EFBC}") = "LargerThanNeighbours", "LargerThanNeighbours\LargerThanNeighbours.csproj", "{EE96A72F-6F58-438F-A5CF-B69C124EEAF3}"
EndProject
Project("{FAE04EC0-301F-11D3-BF4B-00C04F79EFBC}") = "ReverseNumber", "ReverseNumber\ReverseNumber.csproj", "{190FD48E-CD05-41DA-AC60-8E06D2C917B0}"
EndProject
Project("{FAE04EC0-301F-11D3-BF4B-00C04F79EFBC}") = "NumberAsArray", "NumberAsArray\NumberAsArray.csproj", "{5E8A4227-1587-4E04-A4C9-EF77AA332B77}"
EndProject
Project("{FAE04EC0-301F-11D3-BF4B-00C04F79EFBC}") = "pr", "pr\pr.csproj", "{021F3D5B-9EE8-440D-9A7F-50834ABD38D6}"
EndProject
Project("{FAE04EC0-301F-11D3-BF4B-00C04F79EFBC}") = "NFactorial", "NFactorial\NFactorial.csproj", "{05BFFE12-4F6B-48C0-8046-A37895A91895}"
EndProject
Project("{FAE04EC0-301F-11D3-BF4B-00C04F79EFBC}") = "Adding polynomials", "Adding polynomials\Adding polynomials.csproj", "{837D5FD8-9CEC-4018-9DF5-F9C9A91A5CF1}"
EndProject
Global
	GlobalSection(SolutionConfigurationPlatforms) = preSolution
		Debug|Any CPU = Debug|Any CPU
		Release|Any CPU = Release|Any CPU
	EndGlobalSection
	GlobalSection(ProjectConfigurationPlatforms) = postSolution
		{3868C591-87E6-4D27-B421-0D1B22F1350E}.Debug|Any CPU.ActiveCfg = Debug|Any CPU
		{3868C591-87E6-4D27-B421-0D1B22F1350E}.Debug|Any CPU.Build.0 = Debug|Any CPU
		{3868C591-87E6-4D27-B421-0D1B22F1350E}.Release|Any CPU.ActiveCfg = Release|Any CPU
		{3868C591-87E6-4D27-B421-0D1B22F1350E}.Release|Any CPU.Build.0 = Release|Any CPU
		{457FCD6F-D5E9-4FE9-AE4D-A35F7C891512}.Debug|Any CPU.ActiveCfg = Debug|Any CPU
		{457FCD6F-D5E9-4FE9-AE4D-A35F7C891512}.Debug|Any CPU.Build.0 = Debug|Any CPU
		{457FCD6F-D5E9-4FE9-AE4D-A35F7C891512}.Release|Any CPU.ActiveCfg = Release|Any CPU
		{457FCD6F-D5E9-4FE9-AE4D-A35F7C891512}.Release|Any CPU.Build.0 = Release|Any CPU
		{4E631518-3C2E-4579-8A6A-3C3379497B85}.Debug|Any CPU.ActiveCfg = Debug|Any CPU
		{4E631518-3C2E-4579-8A6A-3C3379497B85}.Debug|Any CPU.Build.0 = Debug|Any CPU
		{4E631518-3C2E-4579-8A6A-3C3379497B85}.Release|Any CPU.ActiveCfg = Release|Any CPU
		{4E631518-3C2E-4579-8A6A-3C3379497B85}.Release|Any CPU.Build.0 = Release|Any CPU
		{EE96A72F-6F58-438F-A5CF-B69C124EEAF3}.Debug|Any CPU.ActiveCfg = Debug|Any CPU
		{EE96A72F-6F58-438F-A5CF-B69C124EEAF3}.Debug|Any CPU.Build.0 = Debug|Any CPU
		{EE96A72F-6F58-438F-A5CF-B69C124EEAF3}.Release|Any CPU.ActiveCfg = Release|Any CPU
		{EE96A72F-6F58-438F-A5CF-B69C124EEAF3}.Release|Any CPU.Build.0 = Release|Any CPU
		{190FD48E-CD05-41DA-AC60-8E06D2C917B0}.Debug|Any CPU.ActiveCfg = Debug|Any CPU
		{190FD48E-CD05-41DA-AC60-8E06D2C917B0}.Debug|Any CPU.Build.0 = Debug|Any CPU
		{190FD48E-CD05-41DA-AC60-8E06D2C917B0}.Release|Any CPU.ActiveCfg = Release|Any CPU
		{190FD48E-CD05-41DA-AC60-8E06D2C917B0}.Release|Any CPU.Build.0 = Release|Any CPU
		{5E8A4227-1587-4E04-A4C9-EF77AA332B77}.Debug|Any CPU.ActiveCfg = Debug|Any CPU
		{5E8A4227-1587-4E04-A4C9-EF77AA332B77}.Debug|Any CPU.Build.0 = Debug|Any CPU
		{5E8A4227-1587-4E04-A4C9-EF77AA332B77}.Release|Any CPU.ActiveCfg = Release|Any CPU
		{5E8A4227-1587-4E04-A4C9-EF77AA332B77}.Release|Any CPU.Build.0 = Release|Any CPU
		{021F3D5B-9EE8-440D-9A7F-50834ABD38D6}.Debug|Any CPU.ActiveCfg = Debug|Any CPU
		{021F3D5B-9EE8-440D-9A7F-50834ABD38D6}.Debug|Any CPU.Build.0 = Debug|Any CPU
		{021F3D5B-9EE8-440D-9A7F-50834ABD38D6}.Release|Any CPU.ActiveCfg = Release|Any CPU
		{021F3D5B-9EE8-440D-9A7F-50834ABD38D6}.Release|Any CPU.Build.0 = Release|Any CPU
		{05BFFE12-4F6B-48C0-8046-A37895A91895}.Debug|Any CPU.ActiveCfg = Debug|Any CPU
		{05BFFE12-4F6B-48C0-8046-A37895A91895}.Debug|Any CPU.Build.0 = Debug|Any CPU
		{05BFFE12-4F6B-48C0-8046-A37895A91895}.Release|Any CPU.ActiveCfg = Release|Any CPU
		{05BFFE12-4F6B-48C0-8046-A37895A91895}.Release|Any CPU.Build.0 = Release|Any CPU
		{837D5FD8-9CEC-4018-9DF5-F9C9A91A5CF1}.Debug|Any CPU.ActiveCfg = Debug|Any CPU
		{837D5FD8-9CEC-4018-9DF5-F9C9A91A5CF1}.Debug|Any CPU.Build.0 = Debug|Any CPU
		{837D5FD8-9CEC-4018-9DF5-F9C9A91A5CF1}.Release|Any CPU.ActiveCfg = Release|Any CPU
		{837D5FD8-9CEC-4018-9DF5-F9C9A91A5CF1}.Release|Any CPU.Build.0 = Release|Any CPU
	EndGlobalSection
	GlobalSection(SolutionProperties) = preSolution
		HideSolutionNode = FALSE
	EndGlobalSection
EndGlobal
